
Microsoft Visual Studio Solution File, Format Version 11.00
# Visual Studio 2010
Project("{F184B08F-C81C-45F6-A57F-5ABD9991F28F}") = "TwitterTracks.DatabaseAccess", "TwitterTracks.DatabaseAccess\TwitterTracks.DatabaseAccess.vbproj", "{37C2F19C-03B4-446A-801A-74458C7958F4}"
EndProject
Project("{F184B08F-C81C-45F6-A57F-5ABD9991F28F}") = "TwitterTracks.Common", "TwitterTracks.Common\TwitterTracks.Common.vbproj", "{3FDF6F68-6105-40DE-9314-2824F10D7C6A}"
EndProject
Project("{F184B08F-C81C-45F6-A57F-5ABD9991F28F}") = "TwitterTracks.Display", "TwitterTracks.Display\TwitterTracks.Display.vbproj", "{D88F7C9D-5A8D-4B17-9500-9C1A424263B7}"
EndProject
Project("{F184B08F-C81C-45F6-A57F-5ABD9991F28F}") = "TwitterTracks.Gathering", "TwitterTracks.Gathering\TwitterTracks.Gathering.vbproj", "{100D187E-11C2-4F3A-B523-3B2B9F619DD8}"
EndProject
Project("{F184B08F-C81C-45F6-A57F-5ABD9991F28F}") = "TwitterTracks.Setup", "TwitterTracks.Setup\TwitterTracks.Setup.vbproj", "{4DF23F12-ABF7-4566-9CC7-EA805FF85FE5}"
EndProject
Global
	GlobalSection(SolutionConfigurationPlatforms) = preSolution
		Debug|Any CPU = Debug|Any CPU
		Debug|Mixed Platforms = Debug|Mixed Platforms
		Debug|x86 = Debug|x86
		Release|Any CPU = Release|Any CPU
		Release|Mixed Platforms = Release|Mixed Platforms
		Release|x86 = Release|x86
	EndGlobalSection
	GlobalSection(ProjectConfigurationPlatforms) = postSolution
		{37C2F19C-03B4-446A-801A-74458C7958F4}.Debug|Any CPU.ActiveCfg = Debug|Any CPU
		{37C2F19C-03B4-446A-801A-74458C7958F4}.Debug|Any CPU.Build.0 = Debug|Any CPU
		{37C2F19C-03B4-446A-801A-74458C7958F4}.Debug|Mixed Platforms.ActiveCfg = Debug|Any CPU
		{37C2F19C-03B4-446A-801A-74458C7958F4}.Debug|Mixed Platforms.Build.0 = Debug|Any CPU
		{37C2F19C-03B4-446A-801A-74458C7958F4}.Debug|x86.ActiveCfg = Debug|Any CPU
		{37C2F19C-03B4-446A-801A-74458C7958F4}.Release|Any CPU.ActiveCfg = Release|Any CPU
		{37C2F19C-03B4-446A-801A-74458C7958F4}.Release|Any CPU.Build.0 = Release|Any CPU
		{37C2F19C-03B4-446A-801A-74458C7958F4}.Release|Mixed Platforms.ActiveCfg = Release|Any CPU
		{37C2F19C-03B4-446A-801A-74458C7958F4}.Release|Mixed Platforms.Build.0 = Release|Any CPU
		{37C2F19C-03B4-446A-801A-74458C7958F4}.Release|x86.ActiveCfg = Release|Any CPU
		{3FDF6F68-6105-40DE-9314-2824F10D7C6A}.Debug|Any CPU.ActiveCfg = Debug|Any CPU
		{3FDF6F68-6105-40DE-9314-2824F10D7C6A}.Debug|Any CPU.Build.0 = Debug|Any CPU
		{3FDF6F68-6105-40DE-9314-2824F10D7C6A}.Debug|Mixed Platforms.ActiveCfg = Debug|Any CPU
		{3FDF6F68-6105-40DE-9314-2824F10D7C6A}.Debug|Mixed Platforms.Build.0 = Debug|Any CPU
		{3FDF6F68-6105-40DE-9314-2824F10D7C6A}.Debug|x86.ActiveCfg = Debug|Any CPU
		{3FDF6F68-6105-40DE-9314-2824F10D7C6A}.Release|Any CPU.ActiveCfg = Release|Any CPU
		{3FDF6F68-6105-40DE-9314-2824F10D7C6A}.Release|Any CPU.Build.0 = Release|Any CPU
		{3FDF6F68-6105-40DE-9314-2824F10D7C6A}.Release|Mixed Platforms.ActiveCfg = Release|Any CPU
		{3FDF6F68-6105-40DE-9314-2824F10D7C6A}.Release|Mixed Platforms.Build.0 = Release|Any CPU
		{3FDF6F68-6105-40DE-9314-2824F10D7C6A}.Release|x86.ActiveCfg = Release|Any CPU
		{D88F7C9D-5A8D-4B17-9500-9C1A424263B7}.Debug|Any CPU.ActiveCfg = Debug|x86
		{D88F7C9D-5A8D-4B17-9500-9C1A424263B7}.Debug|Mixed Platforms.ActiveCfg = Debug|x86
		{D88F7C9D-5A8D-4B17-9500-9C1A424263B7}.Debug|Mixed Platforms.Build.0 = Debug|x86
		{D88F7C9D-5A8D-4B17-9500-9C1A424263B7}.Debug|x86.ActiveCfg = Debug|x86
		{D88F7C9D-5A8D-4B17-9500-9C1A424263B7}.Debug|x86.Build.0 = Debug|x86
		{D88F7C9D-5A8D-4B17-9500-9C1A424263B7}.Release|Any CPU.ActiveCfg = Release|x86
		{D88F7C9D-5A8D-4B17-9500-9C1A424263B7}.Release|Mixed Platforms.ActiveCfg = Release|x86
		{D88F7C9D-5A8D-4B17-9500-9C1A424263B7}.Release|Mixed Platforms.Build.0 = Release|x86
		{D88F7C9D-5A8D-4B17-9500-9C1A424263B7}.Release|x86.ActiveCfg = Release|x86
		{D88F7C9D-5A8D-4B17-9500-9C1A424263B7}.Release|x86.Build.0 = Release|x86
		{100D187E-11C2-4F3A-B523-3B2B9F619DD8}.Debug|Any CPU.ActiveCfg = Debug|x86
		{100D187E-11C2-4F3A-B523-3B2B9F619DD8}.Debug|Mixed Platforms.ActiveCfg = Debug|x86
		{100D187E-11C2-4F3A-B523-3B2B9F619DD8}.Debug|Mixed Platforms.Build.0 = Debug|x86
		{100D187E-11C2-4F3A-B523-3B2B9F619DD8}.Debug|x86.ActiveCfg = Debug|x86
		{100D187E-11C2-4F3A-B523-3B2B9F619DD8}.Debug|x86.Build.0 = Debug|x86
		{100D187E-11C2-4F3A-B523-3B2B9F619DD8}.Release|Any CPU.ActiveCfg = Release|x86
		{100D187E-11C2-4F3A-B523-3B2B9F619DD8}.Release|Mixed Platforms.ActiveCfg = Release|x86
		{100D187E-11C2-4F3A-B523-3B2B9F619DD8}.Release|Mixed Platforms.Build.0 = Release|x86
		{100D187E-11C2-4F3A-B523-3B2B9F619DD8}.Release|x86.ActiveCfg = Release|x86
		{100D187E-11C2-4F3A-B523-3B2B9F619DD8}.Release|x86.Build.0 = Release|x86
		{4DF23F12-ABF7-4566-9CC7-EA805FF85FE5}.Debug|Any CPU.ActiveCfg = Debug|x86
		{4DF23F12-ABF7-4566-9CC7-EA805FF85FE5}.Debug|Mixed Platforms.ActiveCfg = Debug|x86
		{4DF23F12-ABF7-4566-9CC7-EA805FF85FE5}.Debug|Mixed Platforms.Build.0 = Debug|x86
		{4DF23F12-ABF7-4566-9CC7-EA805FF85FE5}.Debug|x86.ActiveCfg = Debug|x86
		{4DF23F12-ABF7-4566-9CC7-EA805FF85FE5}.Debug|x86.Build.0 = Debug|x86
		{4DF23F12-ABF7-4566-9CC7-EA805FF85FE5}.Release|Any CPU.ActiveCfg = Release|x86
		{4DF23F12-ABF7-4566-9CC7-EA805FF85FE5}.Release|Mixed Platforms.ActiveCfg = Release|x86
		{4DF23F12-ABF7-4566-9CC7-EA805FF85FE5}.Release|Mixed Platforms.Build.0 = Release|x86
		{4DF23F12-ABF7-4566-9CC7-EA805FF85FE5}.Release|x86.ActiveCfg = Release|x86
		{4DF23F12-ABF7-4566-9CC7-EA805FF85FE5}.Release|x86.Build.0 = Release|x86
	EndGlobalSection
	GlobalSection(SolutionProperties) = preSolution
		HideSolutionNode = FALSE
	EndGlobalSection
EndGlobal
