
Microsoft Visual Studio Solution File, Format Version 12.00
# Visual Studio 14
VisualStudioVersion = 14.0.25420.1
MinimumVisualStudioVersion = 10.0.40219.1
Project("{F184B08F-C81C-45F6-A57F-5ABD9991F28F}") = "TwitterTracks.Gathering", "TwitterTracks.Gathering\TwitterTracks.Gathering.vbproj", "{54522BCD-1E96-4A92-AED7-601B92DB4442}"
EndProject
Project("{F184B08F-C81C-45F6-A57F-5ABD9991F28F}") = "TwitterTracks.Gathering.UI", "..\TwitterTracks.Gathering.UI\TwitterTracks.Gathering.UI\TwitterTracks.Gathering.UI.vbproj", "{0A48DFCB-22F4-4939-923D-9F43E4403049}"
EndProject
Project("{F184B08F-C81C-45F6-A57F-5ABD9991F28F}") = "TwitterTracks.Common", "..\TwitterTracks.Common\TwitterTracks.Common\TwitterTracks.Common.vbproj", "{836D83D2-9544-4BD9-A8A8-7EDB14B84904}"
EndProject
Project("{F184B08F-C81C-45F6-A57F-5ABD9991F28F}") = "TwitterTracks.TweetinviInterop", "..\TwitterTracks.TweetinviInterop\TwitterTracks.TweetinviInterop\TwitterTracks.TweetinviInterop.vbproj", "{0EB73B66-FC26-486E-8B79-2A9900468DCB}"
EndProject
Project("{F184B08F-C81C-45F6-A57F-5ABD9991F28F}") = "TwitterTracks.DatabaseAccess", "..\TwitterTracks.DatabaseAccess\TwitterTracks.DatabaseAccess\TwitterTracks.DatabaseAccess.vbproj", "{B808D9CC-CDD1-4270-9FAD-72A1BB466F06}"
EndProject
Global
	GlobalSection(SolutionConfigurationPlatforms) = preSolution
		Debug|Any CPU = Debug|Any CPU
		Debug|x86 = Debug|x86
		Release|Any CPU = Release|Any CPU
		Release|x86 = Release|x86
	EndGlobalSection
	GlobalSection(ProjectConfigurationPlatforms) = postSolution
		{54522BCD-1E96-4A92-AED7-601B92DB4442}.Debug|Any CPU.ActiveCfg = Debug|x86
		{54522BCD-1E96-4A92-AED7-601B92DB4442}.Debug|x86.ActiveCfg = Debug|x86
		{54522BCD-1E96-4A92-AED7-601B92DB4442}.Debug|x86.Build.0 = Debug|x86
		{54522BCD-1E96-4A92-AED7-601B92DB4442}.Release|Any CPU.ActiveCfg = Release|x86
		{54522BCD-1E96-4A92-AED7-601B92DB4442}.Release|x86.ActiveCfg = Release|x86
		{54522BCD-1E96-4A92-AED7-601B92DB4442}.Release|x86.Build.0 = Release|x86
		{0A48DFCB-22F4-4939-923D-9F43E4403049}.Debug|Any CPU.ActiveCfg = Debug|x86
		{0A48DFCB-22F4-4939-923D-9F43E4403049}.Debug|x86.ActiveCfg = Debug|x86
		{0A48DFCB-22F4-4939-923D-9F43E4403049}.Debug|x86.Build.0 = Debug|x86
		{0A48DFCB-22F4-4939-923D-9F43E4403049}.Release|Any CPU.ActiveCfg = Release|x86
		{0A48DFCB-22F4-4939-923D-9F43E4403049}.Release|x86.ActiveCfg = Release|x86
		{0A48DFCB-22F4-4939-923D-9F43E4403049}.Release|x86.Build.0 = Release|x86
		{836D83D2-9544-4BD9-A8A8-7EDB14B84904}.Debug|Any CPU.ActiveCfg = Debug|Any CPU
		{836D83D2-9544-4BD9-A8A8-7EDB14B84904}.Debug|Any CPU.Build.0 = Debug|Any CPU
		{836D83D2-9544-4BD9-A8A8-7EDB14B84904}.Debug|x86.ActiveCfg = Debug|Any CPU
		{836D83D2-9544-4BD9-A8A8-7EDB14B84904}.Debug|x86.Build.0 = Debug|Any CPU
		{836D83D2-9544-4BD9-A8A8-7EDB14B84904}.Release|Any CPU.ActiveCfg = Release|Any CPU
		{836D83D2-9544-4BD9-A8A8-7EDB14B84904}.Release|Any CPU.Build.0 = Release|Any CPU
		{836D83D2-9544-4BD9-A8A8-7EDB14B84904}.Release|x86.ActiveCfg = Release|Any CPU
		{836D83D2-9544-4BD9-A8A8-7EDB14B84904}.Release|x86.Build.0 = Release|Any CPU
		{0EB73B66-FC26-486E-8B79-2A9900468DCB}.Debug|Any CPU.ActiveCfg = Debug|Any CPU
		{0EB73B66-FC26-486E-8B79-2A9900468DCB}.Debug|Any CPU.Build.0 = Debug|Any CPU
		{0EB73B66-FC26-486E-8B79-2A9900468DCB}.Debug|x86.ActiveCfg = Debug|Any CPU
		{0EB73B66-FC26-486E-8B79-2A9900468DCB}.Debug|x86.Build.0 = Debug|Any CPU
		{0EB73B66-FC26-486E-8B79-2A9900468DCB}.Release|Any CPU.ActiveCfg = Release|Any CPU
		{0EB73B66-FC26-486E-8B79-2A9900468DCB}.Release|Any CPU.Build.0 = Release|Any CPU
		{0EB73B66-FC26-486E-8B79-2A9900468DCB}.Release|x86.ActiveCfg = Release|Any CPU
		{0EB73B66-FC26-486E-8B79-2A9900468DCB}.Release|x86.Build.0 = Release|Any CPU
		{B808D9CC-CDD1-4270-9FAD-72A1BB466F06}.Debug|Any CPU.ActiveCfg = Debug|Any CPU
		{B808D9CC-CDD1-4270-9FAD-72A1BB466F06}.Debug|Any CPU.Build.0 = Debug|Any CPU
		{B808D9CC-CDD1-4270-9FAD-72A1BB466F06}.Debug|x86.ActiveCfg = Debug|Any CPU
		{B808D9CC-CDD1-4270-9FAD-72A1BB466F06}.Debug|x86.Build.0 = Debug|Any CPU
		{B808D9CC-CDD1-4270-9FAD-72A1BB466F06}.Release|Any CPU.ActiveCfg = Release|Any CPU
		{B808D9CC-CDD1-4270-9FAD-72A1BB466F06}.Release|Any CPU.Build.0 = Release|Any CPU
		{B808D9CC-CDD1-4270-9FAD-72A1BB466F06}.Release|x86.ActiveCfg = Release|Any CPU
		{B808D9CC-CDD1-4270-9FAD-72A1BB466F06}.Release|x86.Build.0 = Release|Any CPU
	EndGlobalSection
	GlobalSection(SolutionProperties) = preSolution
		HideSolutionNode = FALSE
	EndGlobalSection
EndGlobal
