
Microsoft Visual Studio Solution File, Format Version 11.00
# Visual Basic Express 2010
Project("{F184B08F-C81C-45F6-A57F-5ABD9991F28F}") = "TwitterTracks.Display", "TwitterTracks.Display\TwitterTracks.Display.vbproj", "{57286678-04A6-48DB-8E45-A8D07E1C42EA}"
EndProject
Global
	GlobalSection(SolutionConfigurationPlatforms) = preSolution
		Debug|x86 = Debug|x86
		Release|x86 = Release|x86
	EndGlobalSection
	GlobalSection(ProjectConfigurationPlatforms) = postSolution
		{57286678-04A6-48DB-8E45-A8D07E1C42EA}.Debug|x86.ActiveCfg = Debug|x86
		{57286678-04A6-48DB-8E45-A8D07E1C42EA}.Debug|x86.Build.0 = Debug|x86
		{57286678-04A6-48DB-8E45-A8D07E1C42EA}.Release|x86.ActiveCfg = Release|x86
		{57286678-04A6-48DB-8E45-A8D07E1C42EA}.Release|x86.Build.0 = Release|x86
	EndGlobalSection
	GlobalSection(SolutionProperties) = preSolution
		HideSolutionNode = FALSE
	EndGlobalSection
EndGlobal
