
Microsoft Visual Studio Solution File, Format Version 11.00
# Visual Basic Express 2010
Project("{F184B08F-C81C-45F6-A57F-5ABD9991F28F}") = "TwitterTracks.Gathering.UI", "TwitterTracks.Gathering.UI\TwitterTracks.Gathering.UI.vbproj", "{0A48DFCB-22F4-4939-923D-9F43E4403049}"
EndProject
Global
	GlobalSection(SolutionConfigurationPlatforms) = preSolution
		Debug|x86 = Debug|x86
		Release|x86 = Release|x86
	EndGlobalSection
	GlobalSection(ProjectConfigurationPlatforms) = postSolution
		{0A48DFCB-22F4-4939-923D-9F43E4403049}.Debug|x86.ActiveCfg = Debug|x86
		{0A48DFCB-22F4-4939-923D-9F43E4403049}.Debug|x86.Build.0 = Debug|x86
		{0A48DFCB-22F4-4939-923D-9F43E4403049}.Release|x86.ActiveCfg = Release|x86
		{0A48DFCB-22F4-4939-923D-9F43E4403049}.Release|x86.Build.0 = Release|x86
	EndGlobalSection
	GlobalSection(SolutionProperties) = preSolution
		HideSolutionNode = FALSE
	EndGlobalSection
EndGlobal
